
Microsoft Visual Studio Solution File, Format Version 12.00
# Visual Studio Version 16
VisualStudioVersion = 16.0.31624.102
MinimumVisualStudioVersion = 10.0.40219.1
Project("{FAE04EC0-301F-11D3-BF4B-00C04F79EFBC}") = "Lista produktów", "Lista produktów\Lista produktów.csproj", "{530B8F7C-EE1E-4B0A-9A22-4B028DE44248}"
EndProject
Global
	GlobalSection(SolutionConfigurationPlatforms) = preSolution
		Debug|Any CPU = Debug|Any CPU
		Release|Any CPU = Release|Any CPU
	EndGlobalSection
	GlobalSection(ProjectConfigurationPlatforms) = postSolution
		{530B8F7C-EE1E-4B0A-9A22-4B028DE44248}.Debug|Any CPU.ActiveCfg = Debug|Any CPU
		{530B8F7C-EE1E-4B0A-9A22-4B028DE44248}.Debug|Any CPU.Build.0 = Debug|Any CPU
		{530B8F7C-EE1E-4B0A-9A22-4B028DE44248}.Release|Any CPU.ActiveCfg = Release|Any CPU
		{530B8F7C-EE1E-4B0A-9A22-4B028DE44248}.Release|Any CPU.Build.0 = Release|Any CPU
	EndGlobalSection
	GlobalSection(SolutionProperties) = preSolution
		HideSolutionNode = FALSE
	EndGlobalSection
	GlobalSection(ExtensibilityGlobals) = postSolution
		SolutionGuid = {D370A6BC-6046-4477-A6E5-0D5077425737}
	EndGlobalSection
EndGlobal
